
Microsoft Visual Studio Solution File, Format Version 12.00
# Visual Studio Version 16
VisualStudioVersion = 16.0.32602.291
MinimumVisualStudioVersion = 10.0.40219.1
Project("{FAE04EC0-301F-11D3-BF4B-00C04F79EFBC}") = "TicTacToe", "TicTacToe.csproj", "{89D44A51-216D-4089-85A7-3998F544F3E5}"
EndProject
Global
	GlobalSection(SolutionConfigurationPlatforms) = preSolution
		Debug|Any CPU = Debug|Any CPU
		Release|Any CPU = Release|Any CPU
	EndGlobalSection
	GlobalSection(ProjectConfigurationPlatforms) = postSolution
		{89D44A51-216D-4089-85A7-3998F544F3E5}.Debug|Any CPU.ActiveCfg = Debug|Any CPU
		{89D44A51-216D-4089-85A7-3998F544F3E5}.Debug|Any CPU.Build.0 = Debug|Any CPU
		{89D44A51-216D-4089-85A7-3998F544F3E5}.Release|Any CPU.ActiveCfg = Release|Any CPU
		{89D44A51-216D-4089-85A7-3998F544F3E5}.Release|Any CPU.Build.0 = Release|Any CPU
	EndGlobalSection
	GlobalSection(SolutionProperties) = preSolution
		HideSolutionNode = FALSE
	EndGlobalSection
	GlobalSection(ExtensibilityGlobals) = postSolution
		SolutionGuid = {2882728D-D84A-4C7A-8C38-EFB3CFE3D0C2}
	EndGlobalSection
EndGlobal
